
Microsoft Visual Studio Solution File, Format Version 12.00
# Visual Studio 15
VisualStudioVersion = 15.0.27130.2027
MinimumVisualStudioVersion = 10.0.40219.1
Project("{FAE04EC0-301F-11D3-BF4B-00C04F79EFBC}") = "App", "src\App\App.csproj", "{B490C5DA-639E-4994-ABD2-54222B8A348E}"
EndProject
Project("{2150E333-8FDC-42A3-9474-1A3956D46DE8}") = "src", "src", "{EC730FD9-F623-4B6C-B503-95CDCFBCF277}"
EndProject
Project("{FAE04EC0-301F-11D3-BF4B-00C04F79EFBC}") = "UWP", "src\UWP\UWP.csproj", "{3A2D5669-ED71-4F2B-BA85-2D36BAA05141}"
EndProject
Project("{D954291E-2A0B-460D-934E-DC6B0785DB48}") = "UWP.Images", "src\UWP.Images\UWP.Images.shproj", "{0BE54BBB-7772-4289-BD51-1FDBB0CC2446}"
EndProject
Project("{2150E333-8FDC-42A3-9474-1A3956D46DE8}") = "Solution Items", "Solution Items", "{F0E2E596-C3DB-474A-9C88-7824662894FA}"
	ProjectSection(SolutionItems) = preProject
		.gitignore = .gitignore
		appveyor.yml = appveyor.yml
		crowdin.yml = crowdin.yml
		README.md = README.md
		SECURITY.md = SECURITY.md
	EndProjectSection
EndProject
Project("{2150E333-8FDC-42A3-9474-1A3956D46DE8}") = "store", "store", "{B79FE1E3-F34E-4B4E-9838-4D21C8FE31E4}"
EndProject
Project("{2150E333-8FDC-42A3-9474-1A3956D46DE8}") = "microsoft", "microsoft", "{F34AE0F5-2860-415F-9D49-9AC00302B5B5}"
EndProject
Project("{FAE04EC0-301F-11D3-BF4B-00C04F79EFBC}") = "Publisher", "store\microsoft\Publisher\Publisher.csproj", "{428CACAB-CC26-4F41-9062-1E4A9BC82640}"
EndProject
Global
	GlobalSection(SharedMSBuildProjectFiles) = preSolution
		src\UWP.Images\UWP.Images.projitems*{0be54bbb-7772-4289-bd51-1fdbb0cc2446}*SharedItemsImports = 13
		src\UWP.Images\UWP.Images.projitems*{3a2d5669-ed71-4f2b-ba85-2d36baa05141}*SharedItemsImports = 4
	EndGlobalSection
	GlobalSection(SolutionConfigurationPlatforms) = preSolution
		Ad-Hoc|Any CPU = Ad-Hoc|Any CPU
		Ad-Hoc|ARM = Ad-Hoc|ARM
		Ad-Hoc|x64 = Ad-Hoc|x64
		Ad-Hoc|x86 = Ad-Hoc|x86
		AppStore|Any CPU = AppStore|Any CPU
		AppStore|ARM = AppStore|ARM
		AppStore|x64 = AppStore|x64
		AppStore|x86 = AppStore|x86
		Debug|Any CPU = Debug|Any CPU
		Debug|ARM = Debug|ARM
		Debug|x64 = Debug|x64
		Debug|x86 = Debug|x86
		Release|Any CPU = Release|Any CPU
		Release|ARM = Release|ARM
		Release|x64 = Release|x64
		Release|x86 = Release|x86
	EndGlobalSection
	GlobalSection(ProjectConfigurationPlatforms) = postSolution
		{B490C5DA-639E-4994-ABD2-54222B8A348E}.Ad-Hoc|Any CPU.ActiveCfg = Release|Any CPU
		{B490C5DA-639E-4994-ABD2-54222B8A348E}.Ad-Hoc|Any CPU.Build.0 = Release|Any CPU
		{B490C5DA-639E-4994-ABD2-54222B8A348E}.Ad-Hoc|ARM.ActiveCfg = Release|Any CPU
		{B490C5DA-639E-4994-ABD2-54222B8A348E}.Ad-Hoc|ARM.Build.0 = Release|Any CPU
		{B490C5DA-639E-4994-ABD2-54222B8A348E}.Ad-Hoc|x64.ActiveCfg = Release|Any CPU
		{B490C5DA-639E-4994-ABD2-54222B8A348E}.Ad-Hoc|x64.Build.0 = Release|Any CPU
		{B490C5DA-639E-4994-ABD2-54222B8A348E}.Ad-Hoc|x86.ActiveCfg = Release|Any CPU
		{B490C5DA-639E-4994-ABD2-54222B8A348E}.Ad-Hoc|x86.Build.0 = Release|Any CPU
		{B490C5DA-639E-4994-ABD2-54222B8A348E}.AppStore|Any CPU.ActiveCfg = Release|Any CPU
		{B490C5DA-639E-4994-ABD2-54222B8A348E}.AppStore|Any CPU.Build.0 = Release|Any CPU
		{B490C5DA-639E-4994-ABD2-54222B8A348E}.AppStore|ARM.ActiveCfg = Release|Any CPU
		{B490C5DA-639E-4994-ABD2-54222B8A348E}.AppStore|ARM.Build.0 = Release|Any CPU
		{B490C5DA-639E-4994-ABD2-54222B8A348E}.AppStore|x64.ActiveCfg = Release|Any CPU
		{B490C5DA-639E-4994-ABD2-54222B8A348E}.AppStore|x64.Build.0 = Release|Any CPU
		{B490C5DA-639E-4994-ABD2-54222B8A348E}.AppStore|x86.ActiveCfg = Release|Any CPU
		{B490C5DA-639E-4994-ABD2-54222B8A348E}.AppStore|x86.Build.0 = Release|Any CPU
		{B490C5DA-639E-4994-ABD2-54222B8A348E}.Debug|Any CPU.ActiveCfg = Debug|Any CPU
		{B490C5DA-639E-4994-ABD2-54222B8A348E}.Debug|Any CPU.Build.0 = Debug|Any CPU
		{B490C5DA-639E-4994-ABD2-54222B8A348E}.Debug|ARM.ActiveCfg = Debug|Any CPU
		{B490C5DA-639E-4994-ABD2-54222B8A348E}.Debug|ARM.Build.0 = Debug|Any CPU
		{B490C5DA-639E-4994-ABD2-54222B8A348E}.Debug|x64.ActiveCfg = Debug|Any CPU
		{B490C5DA-639E-4994-ABD2-54222B8A348E}.Debug|x64.Build.0 = Debug|Any CPU
		{B490C5DA-639E-4994-ABD2-54222B8A348E}.Debug|x86.ActiveCfg = Debug|Any CPU
		{B490C5DA-639E-4994-ABD2-54222B8A348E}.Debug|x86.Build.0 = Debug|Any CPU
		{B490C5DA-639E-4994-ABD2-54222B8A348E}.Release|Any CPU.ActiveCfg = Release|Any CPU
		{B490C5DA-639E-4994-ABD2-54222B8A348E}.Release|Any CPU.Build.0 = Release|Any CPU
		{B490C5DA-639E-4994-ABD2-54222B8A348E}.Release|ARM.ActiveCfg = Release|Any CPU
		{B490C5DA-639E-4994-ABD2-54222B8A348E}.Release|ARM.Build.0 = Release|Any CPU
		{B490C5DA-639E-4994-ABD2-54222B8A348E}.Release|x64.ActiveCfg = Release|Any CPU
		{B490C5DA-639E-4994-ABD2-54222B8A348E}.Release|x64.Build.0 = Release|Any CPU
		{B490C5DA-639E-4994-ABD2-54222B8A348E}.Release|x86.ActiveCfg = Release|Any CPU
		{B490C5DA-639E-4994-ABD2-54222B8A348E}.Release|x86.Build.0 = Release|Any CPU
		{3A2D5669-ED71-4F2B-BA85-2D36BAA05141}.Ad-Hoc|Any CPU.ActiveCfg = Release|x64
		{3A2D5669-ED71-4F2B-BA85-2D36BAA05141}.Ad-Hoc|Any CPU.Build.0 = Release|x64
		{3A2D5669-ED71-4F2B-BA85-2D36BAA05141}.Ad-Hoc|Any CPU.Deploy.0 = Release|x64
		{3A2D5669-ED71-4F2B-BA85-2D36BAA05141}.Ad-Hoc|ARM.ActiveCfg = Release|ARM
		{3A2D5669-ED71-4F2B-BA85-2D36BAA05141}.Ad-Hoc|ARM.Build.0 = Release|ARM
		{3A2D5669-ED71-4F2B-BA85-2D36BAA05141}.Ad-Hoc|ARM.Deploy.0 = Release|ARM
		{3A2D5669-ED71-4F2B-BA85-2D36BAA05141}.Ad-Hoc|x64.ActiveCfg = Release|x64
		{3A2D5669-ED71-4F2B-BA85-2D36BAA05141}.Ad-Hoc|x64.Build.0 = Release|x64
		{3A2D5669-ED71-4F2B-BA85-2D36BAA05141}.Ad-Hoc|x64.Deploy.0 = Release|x64
		{3A2D5669-ED71-4F2B-BA85-2D36BAA05141}.Ad-Hoc|x86.ActiveCfg = Release|x86
		{3A2D5669-ED71-4F2B-BA85-2D36BAA05141}.Ad-Hoc|x86.Build.0 = Release|x86
		{3A2D5669-ED71-4F2B-BA85-2D36BAA05141}.Ad-Hoc|x86.Deploy.0 = Release|x86
		{3A2D5669-ED71-4F2B-BA85-2D36BAA05141}.AppStore|Any CPU.ActiveCfg = Release|x64
		{3A2D5669-ED71-4F2B-BA85-2D36BAA05141}.AppStore|Any CPU.Build.0 = Release|x64
		{3A2D5669-ED71-4F2B-BA85-2D36BAA05141}.AppStore|Any CPU.Deploy.0 = Release|x64
		{3A2D5669-ED71-4F2B-BA85-2D36BAA05141}.AppStore|ARM.ActiveCfg = Release|ARM
		{3A2D5669-ED71-4F2B-BA85-2D36BAA05141}.AppStore|ARM.Build.0 = Release|ARM
		{3A2D5669-ED71-4F2B-BA85-2D36BAA05141}.AppStore|ARM.Deploy.0 = Release|ARM
		{3A2D5669-ED71-4F2B-BA85-2D36BAA05141}.AppStore|x64.ActiveCfg = Release|x64
		{3A2D5669-ED71-4F2B-BA85-2D36BAA05141}.AppStore|x64.Build.0 = Release|x64
		{3A2D5669-ED71-4F2B-BA85-2D36BAA05141}.AppStore|x64.Deploy.0 = Release|x64
		{3A2D5669-ED71-4F2B-BA85-2D36BAA05141}.AppStore|x86.ActiveCfg = Release|x86
		{3A2D5669-ED71-4F2B-BA85-2D36BAA05141}.AppStore|x86.Build.0 = Release|x86
		{3A2D5669-ED71-4F2B-BA85-2D36BAA05141}.AppStore|x86.Deploy.0 = Release|x86
		{3A2D5669-ED71-4F2B-BA85-2D36BAA05141}.Debug|Any CPU.ActiveCfg = Debug|x64
		{3A2D5669-ED71-4F2B-BA85-2D36BAA05141}.Debug|Any CPU.Build.0 = Debug|x64
		{3A2D5669-ED71-4F2B-BA85-2D36BAA05141}.Debug|Any CPU.Deploy.0 = Debug|x64
		{3A2D5669-ED71-4F2B-BA85-2D36BAA05141}.Debug|ARM.ActiveCfg = Debug|ARM
		{3A2D5669-ED71-4F2B-BA85-2D36BAA05141}.Debug|ARM.Build.0 = Debug|ARM
		{3A2D5669-ED71-4F2B-BA85-2D36BAA05141}.Debug|ARM.Deploy.0 = Debug|ARM
		{3A2D5669-ED71-4F2B-BA85-2D36BAA05141}.Debug|x64.ActiveCfg = Debug|x64
		{3A2D5669-ED71-4F2B-BA85-2D36BAA05141}.Debug|x64.Build.0 = Debug|x64
		{3A2D5669-ED71-4F2B-BA85-2D36BAA05141}.Debug|x64.Deploy.0 = Debug|x64
		{3A2D5669-ED71-4F2B-BA85-2D36BAA05141}.Debug|x86.ActiveCfg = Debug|ARM
		{3A2D5669-ED71-4F2B-BA85-2D36BAA05141}.Debug|x86.Build.0 = Debug|x86
		{3A2D5669-ED71-4F2B-BA85-2D36BAA05141}.Debug|x86.Deploy.0 = Debug|x86
		{3A2D5669-ED71-4F2B-BA85-2D36BAA05141}.Release|Any CPU.ActiveCfg = Release|x86
		{3A2D5669-ED71-4F2B-BA85-2D36BAA05141}.Release|ARM.ActiveCfg = Release|ARM
		{3A2D5669-ED71-4F2B-BA85-2D36BAA05141}.Release|ARM.Build.0 = Release|ARM
		{3A2D5669-ED71-4F2B-BA85-2D36BAA05141}.Release|ARM.Deploy.0 = Release|ARM
		{3A2D5669-ED71-4F2B-BA85-2D36BAA05141}.Release|x64.ActiveCfg = Release|x64
		{3A2D5669-ED71-4F2B-BA85-2D36BAA05141}.Release|x64.Build.0 = Release|x64
		{3A2D5669-ED71-4F2B-BA85-2D36BAA05141}.Release|x64.Deploy.0 = Release|x64
		{3A2D5669-ED71-4F2B-BA85-2D36BAA05141}.Release|x86.ActiveCfg = Release|x86
		{3A2D5669-ED71-4F2B-BA85-2D36BAA05141}.Release|x86.Build.0 = Release|x86
		{3A2D5669-ED71-4F2B-BA85-2D36BAA05141}.Release|x86.Deploy.0 = Release|x86
		{428CACAB-CC26-4F41-9062-1E4A9BC82640}.Ad-Hoc|Any CPU.ActiveCfg = Release|Any CPU
		{428CACAB-CC26-4F41-9062-1E4A9BC82640}.Ad-Hoc|Any CPU.Build.0 = Release|Any CPU
		{428CACAB-CC26-4F41-9062-1E4A9BC82640}.Ad-Hoc|ARM.ActiveCfg = Release|Any CPU
		{428CACAB-CC26-4F41-9062-1E4A9BC82640}.Ad-Hoc|ARM.Build.0 = Release|Any CPU
		{428CACAB-CC26-4F41-9062-1E4A9BC82640}.Ad-Hoc|x64.ActiveCfg = Release|Any CPU
		{428CACAB-CC26-4F41-9062-1E4A9BC82640}.Ad-Hoc|x64.Build.0 = Release|Any CPU
		{428CACAB-CC26-4F41-9062-1E4A9BC82640}.Ad-Hoc|x86.ActiveCfg = Release|Any CPU
		{428CACAB-CC26-4F41-9062-1E4A9BC82640}.Ad-Hoc|x86.Build.0 = Release|Any CPU
		{428CACAB-CC26-4F41-9062-1E4A9BC82640}.AppStore|Any CPU.ActiveCfg = Release|Any CPU
		{428CACAB-CC26-4F41-9062-1E4A9BC82640}.AppStore|Any CPU.Build.0 = Release|Any CPU
		{428CACAB-CC26-4F41-9062-1E4A9BC82640}.AppStore|ARM.ActiveCfg = Release|Any CPU
		{428CACAB-CC26-4F41-9062-1E4A9BC82640}.AppStore|ARM.Build.0 = Release|Any CPU
		{428CACAB-CC26-4F41-9062-1E4A9BC82640}.AppStore|x64.ActiveCfg = Release|Any CPU
		{428CACAB-CC26-4F41-9062-1E4A9BC82640}.AppStore|x64.Build.0 = Release|Any CPU
		{428CACAB-CC26-4F41-9062-1E4A9BC82640}.AppStore|x86.ActiveCfg = Release|Any CPU
		{428CACAB-CC26-4F41-9062-1E4A9BC82640}.AppStore|x86.Build.0 = Release|Any CPU
		{428CACAB-CC26-4F41-9062-1E4A9BC82640}.Debug|Any CPU.ActiveCfg = Debug|Any CPU
		{428CACAB-CC26-4F41-9062-1E4A9BC82640}.Debug|Any CPU.Build.0 = Debug|Any CPU
		{428CACAB-CC26-4F41-9062-1E4A9BC82640}.Debug|ARM.ActiveCfg = Debug|Any CPU
		{428CACAB-CC26-4F41-9062-1E4A9BC82640}.Debug|ARM.Build.0 = Debug|Any CPU
		{428CACAB-CC26-4F41-9062-1E4A9BC82640}.Debug|x64.ActiveCfg = Debug|Any CPU
		{428CACAB-CC26-4F41-9062-1E4A9BC82640}.Debug|x64.Build.0 = Debug|Any CPU
		{428CACAB-CC26-4F41-9062-1E4A9BC82640}.Debug|x86.ActiveCfg = Debug|Any CPU
		{428CACAB-CC26-4F41-9062-1E4A9BC82640}.Debug|x86.Build.0 = Debug|Any CPU
		{428CACAB-CC26-4F41-9062-1E4A9BC82640}.Release|Any CPU.ActiveCfg = Release|Any CPU
		{428CACAB-CC26-4F41-9062-1E4A9BC82640}.Release|Any CPU.Build.0 = Release|Any CPU
		{428CACAB-CC26-4F41-9062-1E4A9BC82640}.Release|ARM.ActiveCfg = Release|Any CPU
		{428CACAB-CC26-4F41-9062-1E4A9BC82640}.Release|ARM.Build.0 = Release|Any CPU
		{428CACAB-CC26-4F41-9062-1E4A9BC82640}.Release|x64.ActiveCfg = Release|Any CPU
		{428CACAB-CC26-4F41-9062-1E4A9BC82640}.Release|x64.Build.0 = Release|Any CPU
		{428CACAB-CC26-4F41-9062-1E4A9BC82640}.Release|x86.ActiveCfg = Release|Any CPU
		{428CACAB-CC26-4F41-9062-1E4A9BC82640}.Release|x86.Build.0 = Release|Any CPU
	EndGlobalSection
	GlobalSection(SolutionProperties) = preSolution
		HideSolutionNode = FALSE
	EndGlobalSection
	GlobalSection(NestedProjects) = preSolution
		{B490C5DA-639E-4994-ABD2-54222B8A348E} = {EC730FD9-F623-4B6C-B503-95CDCFBCF277}
		{3A2D5669-ED71-4F2B-BA85-2D36BAA05141} = {EC730FD9-F623-4B6C-B503-95CDCFBCF277}
		{0BE54BBB-7772-4289-BD51-1FDBB0CC2446} = {EC730FD9-F623-4B6C-B503-95CDCFBCF277}
		{F34AE0F5-2860-415F-9D49-9AC00302B5B5} = {B79FE1E3-F34E-4B4E-9838-4D21C8FE31E4}
		{428CACAB-CC26-4F41-9062-1E4A9BC82640} = {F34AE0F5-2860-415F-9D49-9AC00302B5B5}
	EndGlobalSection
	GlobalSection(ExtensibilityGlobals) = postSolution
		SolutionGuid = {318CB2DF-0118-43A3-AC83-56BADCF71CCD}
	EndGlobalSection
EndGlobal
